<?xml version="1.0" encoding="UTF-8"?>
<!DOCTYPE plist PUBLIC "-//Apple//DTD PLIST 1.0//EN" "http://www.apple.com/DTDs/PropertyList-1.0.dtd">
<plist version="1.0">
<dict>
	<key>archiveVersion</key>
	<string>1</string>
	<key>classes</key>
	<dict/>
	<key>objectVersion</key>
	<string>46</string>
	<key>objects</key>
	<dict>
		<key>18081B7D1C2CF7B5000998AB</key>
		<dict>
			<key>isa</key>
			<string>PBXFileReference</string>
			<key>lastKnownFileType</key>
			<string>wrapper.plug-in</string>
			<key>path</key>
			<string>Settings.bundle</string>
			<key>sourceTree</key>
			<string>&lt;group&gt;</string>
		</dict>
		<key>18081B7E1C2CF7B5000998AB</key>
		<dict>
			<key>fileRef</key>
			<string>18081B7D1C2CF7B5000998AB</string>
			<key>isa</key>
			<string>PBXBuildFile</string>
		</dict>
		<key>181EF7D91B73CF870010D2EA</key>
		<dict>
			<key>children</key>
			<array>
				<string>181EF7E41B73CF870010D2EA</string>
				<string>181EF8041B73CF880010D2EA</string>
				<string>181EF7E31B73CF870010D2EA</string>
				<string>54F765108F7E829D331F8A4E</string>
				<string>F80AD0A57AE6DCAA82D10212</string>
			</array>
			<key>isa</key>
			<string>PBXGroup</string>
			<key>sourceTree</key>
			<string>&lt;group&gt;</string>
		</dict>
		<key>181EF7DA1B73CF870010D2EA</key>
		<dict>
			<key>attributes</key>
			<dict>
				<key>LastSwiftUpdateCheck</key>
				<string>0720</string>
				<key>LastUpgradeCheck</key>
				<string>0700</string>
				<key>ORGANIZATIONNAME</key>
				<string>Ephraim Kunz</string>
				<key>TargetAttributes</key>
				<dict>
					<key>181EF7E11B73CF870010D2EA</key>
					<dict>
						<key>CreatedOnToolsVersion</key>
						<string>6.4</string>
						<key>DevelopmentTeam</key>
						<string>D5ED37V79V</string>
					</dict>
					<key>181EF8001B73CF880010D2EA</key>
					<dict>
						<key>CreatedOnToolsVersion</key>
						<string>6.4</string>
						<key>TestTargetID</key>
						<string>181EF7E11B73CF870010D2EA</string>
					</dict>
				</dict>
			</dict>
			<key>buildConfigurationList</key>
			<string>181EF7DD1B73CF870010D2EA</string>
			<key>compatibilityVersion</key>
			<string>Xcode 3.2</string>
			<key>developmentRegion</key>
			<string>English</string>
			<key>hasScannedForEncodings</key>
			<string>0</string>
			<key>isa</key>
			<string>PBXProject</string>
			<key>knownRegions</key>
			<array>
				<string>en</string>
				<string>Base</string>
			</array>
			<key>mainGroup</key>
			<string>181EF7D91B73CF870010D2EA</string>
			<key>productRefGroup</key>
			<string>181EF7E31B73CF870010D2EA</string>
			<key>projectDirPath</key>
			<string></string>
			<key>projectReferences</key>
			<array/>
			<key>projectRoot</key>
			<string></string>
			<key>targets</key>
			<array>
				<string>181EF7E11B73CF870010D2EA</string>
				<string>181EF8001B73CF880010D2EA</string>
			</array>
		</dict>
		<key>181EF7DD1B73CF870010D2EA</key>
		<dict>
			<key>buildConfigurations</key>
			<array>
				<string>181EF8091B73CF880010D2EA</string>
				<string>181EF80A1B73CF880010D2EA</string>
			</array>
			<key>defaultConfigurationIsVisible</key>
			<string>0</string>
			<key>defaultConfigurationName</key>
			<string>Release</string>
			<key>isa</key>
			<string>XCConfigurationList</string>
		</dict>
		<key>181EF7DE1B73CF870010D2EA</key>
		<dict>
			<key>buildActionMask</key>
			<string>2147483647</string>
			<key>files</key>
			<array>
				<string>18C6CE941C2E35B100779183</string>
				<string>181EF7F11B73CF880010D2EA</string>
				<string>184DBFD51C41A23C00572D80</string>
				<string>18EB7BEE1CB4270A00A0D659</string>
				<string>18EB7BF01CB5457F00A0D659</string>
				<string>18C6CE891C2DBACA00779183</string>
				<string>18DC93FC1C1D213500D1E367</string>
				<string>18EB7BEB1CB4237D00A0D659</string>
				<string>1827873B1C2B148500196E0F</string>
				<string>181EF7EB1B73CF880010D2EA</string>
				<string>181EF7E81B73CF870010D2EA</string>
				<string>18AF86D91C66EB8B00A355C7</string>
				<string>181EF7EE1B73CF880010D2EA</string>
				<string>18C6CE861C2DB8FE00779183</string>
				<string>1827873F1C2B2A3700196E0F</string>
				<string>18C6CE961C2E35B100779183</string>
				<string>18A2EF6F1BE87A4000FB4D69</string>
				<string>18C6CE8C1C2DC06800779183</string>
			</array>
			<key>isa</key>
			<string>PBXSourcesBuildPhase</string>
			<key>runOnlyForDeploymentPostprocessing</key>
			<string>0</string>
		</dict>
		<key>181EF7DF1B73CF870010D2EA</key>
		<dict>
			<key>buildActionMask</key>
			<string>2147483647</string>
			<key>files</key>
			<array>
				<string>18ABEC421BF5579900AA7EB7</string>
				<string>1877D7261C0759060022BF60</string>
				<string>1877D7251C0759060022BF60</string>
				<string>777CD1A6FA6300429F13C7BF</string>
			</array>
			<key>isa</key>
			<string>PBXFrameworksBuildPhase</string>
			<key>runOnlyForDeploymentPostprocessing</key>
			<string>0</string>
		</dict>
		<key>181EF7E01B73CF870010D2EA</key>
		<dict>
			<key>buildActionMask</key>
			<string>2147483647</string>
			<key>files</key>
			<array>
				<string>181EF7F71B73CF880010D2EA</string>
				<string>181EF7F91B73CF880010D2EA</string>
				<string>18C6CE951C2E35B100779183</string>
				<string>18AF86D61C66EA3400A355C7</string>
				<string>18C6CE931C2E35B100779183</string>
				<string>18081B7E1C2CF7B5000998AB</string>
				<string>18CB44DA1B745444001FA4B4</string>
			</array>
			<key>isa</key>
			<string>PBXResourcesBuildPhase</string>
			<key>runOnlyForDeploymentPostprocessing</key>
			<string>0</string>
		</dict>
		<key>181EF7E11B73CF870010D2EA</key>
		<dict>
			<key>buildConfigurationList</key>
			<string>181EF80B1B73CF880010D2EA</string>
			<key>buildPhases</key>
			<array>
				<string>65858CD9C6B007975C514EDF</string>
				<string>181EF7DE1B73CF870010D2EA</string>
				<string>181EF7DF1B73CF870010D2EA</string>
				<string>181EF7E01B73CF870010D2EA</string>
				<string>18C8F4FF1BD1D0CE00FFF64A</string>
				<string>1877D7221C0758F20022BF60</string>
				<string>6C91B069CA11456482630431</string>
				<string>BE88C8F67E81C2534AAAD649</string>
			</array>
			<key>buildRules</key>
			<array/>
			<key>dependencies</key>
			<array/>
			<key>isa</key>
			<string>PBXNativeTarget</string>
			<key>name</key>
			<string>TempleTrip</string>
			<key>productName</key>
			<string>TempleTrip</string>
			<key>productReference</key>
			<string>181EF7E21B73CF870010D2EA</string>
			<key>productType</key>
			<string>com.apple.product-type.application</string>
		</dict>
		<key>181EF7E21B73CF870010D2EA</key>
		<dict>
			<key>explicitFileType</key>
			<string>wrapper.application</string>
			<key>includeInIndex</key>
			<string>0</string>
			<key>isa</key>
			<string>PBXFileReference</string>
			<key>path</key>
			<string>TempleTrip.app</string>
			<key>sourceTree</key>
			<string>BUILT_PRODUCTS_DIR</string>
		</dict>
		<key>181EF7E31B73CF870010D2EA</key>
		<dict>
			<key>children</key>
			<array>
				<string>181EF7E21B73CF870010D2EA</string>
				<string>181EF8011B73CF880010D2EA</string>
			</array>
			<key>isa</key>
			<string>PBXGroup</string>
			<key>name</key>
			<string>Products</string>
			<key>sourceTree</key>
			<string>&lt;group&gt;</string>
		</dict>
		<key>181EF7E41B73CF870010D2EA</key>
		<dict>
			<key>children</key>
			<array>
				<string>182787391C2B0DFB00196E0F</string>
				<string>182787381C2B0DCE00196E0F</string>
				<string>18CB44DE1B75195B001FA4B4</string>
				<string>181EF7E51B73CF870010D2EA</string>
				<string>181EF7E91B73CF870010D2EA</string>
				<string>181EF7EA1B73CF880010D2EA</string>
				<string>184C59E01C41C1DA0052241D</string>
				<string>18EB7BEF1CB5457F00A0D659</string>
			</array>
			<key>isa</key>
			<string>PBXGroup</string>
			<key>path</key>
			<string>TempleTrip</string>
			<key>sourceTree</key>
			<string>&lt;group&gt;</string>
		</dict>
		<key>181EF7E51B73CF870010D2EA</key>
		<dict>
			<key>children</key>
			<array>
				<string>18AF86D51C66EA3400A355C7</string>
				<string>18C6CE8A1C2DC06800779183</string>
				<string>18C6CE8B1C2DC06800779183</string>
				<string>18C6CE871C2DBACA00779183</string>
				<string>18C6CE881C2DBACA00779183</string>
				<string>181EF7F81B73CF880010D2EA</string>
				<string>18081B7D1C2CF7B5000998AB</string>
				<string>18C6CE8D1C2E35B100779183</string>
				<string>18DC93FE1C1F5E2700D1E367</string>
				<string>181EF7E61B73CF870010D2EA</string>
				<string>181EF7E71B73CF870010D2EA</string>
				<string>1842AE721C2F646400FF5A66</string>
				<string>1877D7231C0759060022BF60</string>
				<string>1877D7241C0759060022BF60</string>
				<string>18ABEC411BF5579900AA7EB7</string>
				<string>18AF86D71C66EB8B00A355C7</string>
				<string>18AF86D81C66EB8B00A355C7</string>
				<string>18EB7BEC1CB4270A00A0D659</string>
				<string>18EB7BED1CB4270A00A0D659</string>
			</array>
			<key>isa</key>
			<string>PBXGroup</string>
			<key>name</key>
			<string>Supporting Files</string>
			<key>sourceTree</key>
			<string>&lt;group&gt;</string>
		</dict>
		<key>181EF7E61B73CF870010D2EA</key>
		<dict>
			<key>isa</key>
			<string>PBXFileReference</string>
			<key>lastKnownFileType</key>
			<string>text.plist.xml</string>
			<key>path</key>
			<string>Info.plist</string>
			<key>sourceTree</key>
			<string>&lt;group&gt;</string>
		</dict>
		<key>181EF7E71B73CF870010D2EA</key>
		<dict>
			<key>isa</key>
			<string>PBXFileReference</string>
			<key>lastKnownFileType</key>
			<string>sourcecode.c.objc</string>
			<key>path</key>
			<string>main.m</string>
			<key>sourceTree</key>
			<string>&lt;group&gt;</string>
		</dict>
		<key>181EF7E81B73CF870010D2EA</key>
		<dict>
			<key>fileRef</key>
			<string>181EF7E71B73CF870010D2EA</string>
			<key>isa</key>
			<string>PBXBuildFile</string>
		</dict>
		<key>181EF7E91B73CF870010D2EA</key>
		<dict>
			<key>isa</key>
			<string>PBXFileReference</string>
			<key>lastKnownFileType</key>
			<string>sourcecode.c.h</string>
			<key>path</key>
			<string>AppDelegate.h</string>
			<key>sourceTree</key>
			<string>&lt;group&gt;</string>
		</dict>
		<key>181EF7EA1B73CF880010D2EA</key>
		<dict>
			<key>isa</key>
			<string>PBXFileReference</string>
			<key>lastKnownFileType</key>
			<string>sourcecode.c.objc</string>
			<key>path</key>
			<string>AppDelegate.m</string>
			<key>sourceTree</key>
			<string>&lt;group&gt;</string>
		</dict>
		<key>181EF7EB1B73CF880010D2EA</key>
		<dict>
			<key>fileRef</key>
			<string>181EF7EA1B73CF880010D2EA</string>
			<key>isa</key>
			<string>PBXBuildFile</string>
		</dict>
		<key>181EF7EC1B73CF880010D2EA</key>
		<dict>
			<key>children</key>
			<array>
				<string>18EB7BF21CB5FB7700A0D659</string>
				<string>182DE7BE1C5489470001AD61</string>
				<string>181EF7ED1B73CF880010D2EA</string>
			</array>
			<key>currentVersion</key>
			<string>18EB7BF21CB5FB7700A0D659</string>
			<key>isa</key>
			<string>XCVersionGroup</string>
			<key>path</key>
			<string>TempleTrip.xcdatamodeld</string>
			<key>sourceTree</key>
			<string>&lt;group&gt;</string>
			<key>versionGroupType</key>
			<string>wrapper.xcdatamodel</string>
		</dict>
		<key>181EF7ED1B73CF880010D2EA</key>
		<dict>
			<key>isa</key>
			<string>PBXFileReference</string>
			<key>lastKnownFileType</key>
			<string>wrapper.xcdatamodel</string>
			<key>path</key>
			<string>TempleTrip.xcdatamodel</string>
			<key>sourceTree</key>
			<string>&lt;group&gt;</string>
		</dict>
		<key>181EF7EE1B73CF880010D2EA</key>
		<dict>
			<key>fileRef</key>
			<string>181EF7EC1B73CF880010D2EA</string>
			<key>isa</key>
			<string>PBXBuildFile</string>
		</dict>
		<key>181EF7EF1B73CF880010D2EA</key>
		<dict>
			<key>isa</key>
			<string>PBXFileReference</string>
			<key>lastKnownFileType</key>
			<string>sourcecode.c.h</string>
			<key>path</key>
			<string>MasterViewController.h</string>
			<key>sourceTree</key>
			<string>&lt;group&gt;</string>
		</dict>
		<key>181EF7F01B73CF880010D2EA</key>
		<dict>
			<key>isa</key>
			<string>PBXFileReference</string>
			<key>lastKnownFileType</key>
			<string>sourcecode.c.objc</string>
			<key>path</key>
			<string>MasterViewController.m</string>
			<key>sourceTree</key>
			<string>&lt;group&gt;</string>
		</dict>
		<key>181EF7F11B73CF880010D2EA</key>
		<dict>
			<key>fileRef</key>
			<string>181EF7F01B73CF880010D2EA</string>
			<key>isa</key>
			<string>PBXBuildFile</string>
		</dict>
		<key>181EF7F51B73CF880010D2EA</key>
		<dict>
			<key>children</key>
			<array>
				<string>181EF7F61B73CF880010D2EA</string>
			</array>
			<key>isa</key>
			<string>PBXVariantGroup</string>
			<key>name</key>
			<string>Main.storyboard</string>
			<key>sourceTree</key>
			<string>&lt;group&gt;</string>
		</dict>
		<key>181EF7F61B73CF880010D2EA</key>
		<dict>
			<key>isa</key>
			<string>PBXFileReference</string>
			<key>lastKnownFileType</key>
			<string>file.storyboard</string>
			<key>name</key>
			<string>Base</string>
			<key>path</key>
			<string>Base.lproj/Main.storyboard</string>
			<key>sourceTree</key>
			<string>&lt;group&gt;</string>
		</dict>
		<key>181EF7F71B73CF880010D2EA</key>
		<dict>
			<key>fileRef</key>
			<string>181EF7F51B73CF880010D2EA</string>
			<key>isa</key>
			<string>PBXBuildFile</string>
		</dict>
		<key>181EF7F81B73CF880010D2EA</key>
		<dict>
			<key>isa</key>
			<string>PBXFileReference</string>
			<key>lastKnownFileType</key>
			<string>folder.assetcatalog</string>
			<key>path</key>
			<string>Images.xcassets</string>
			<key>sourceTree</key>
			<string>&lt;group&gt;</string>
		</dict>
		<key>181EF7F91B73CF880010D2EA</key>
		<dict>
			<key>fileRef</key>
			<string>181EF7F81B73CF880010D2EA</string>
			<key>isa</key>
			<string>PBXBuildFile</string>
		</dict>
		<key>181EF7FD1B73CF880010D2EA</key>
		<dict>
			<key>buildActionMask</key>
			<string>2147483647</string>
			<key>files</key>
			<array>
				<string>18C6CE981C2E372D00779183</string>
				<string>18C6CE9A1C2E3E2500779183</string>
			</array>
			<key>isa</key>
			<string>PBXSourcesBuildPhase</string>
			<key>runOnlyForDeploymentPostprocessing</key>
			<string>0</string>
		</dict>
		<key>181EF7FE1B73CF880010D2EA</key>
		<dict>
			<key>buildActionMask</key>
			<string>2147483647</string>
			<key>files</key>
			<array/>
			<key>isa</key>
			<string>PBXFrameworksBuildPhase</string>
			<key>runOnlyForDeploymentPostprocessing</key>
			<string>0</string>
		</dict>
		<key>181EF7FF1B73CF880010D2EA</key>
		<dict>
			<key>buildActionMask</key>
			<string>2147483647</string>
			<key>files</key>
			<array/>
			<key>isa</key>
			<string>PBXResourcesBuildPhase</string>
			<key>runOnlyForDeploymentPostprocessing</key>
			<string>0</string>
		</dict>
		<key>181EF8001B73CF880010D2EA</key>
		<dict>
			<key>buildConfigurationList</key>
			<string>181EF80E1B73CF880010D2EA</string>
			<key>buildPhases</key>
			<array>
				<string>181EF7FD1B73CF880010D2EA</string>
				<string>181EF7FE1B73CF880010D2EA</string>
				<string>181EF7FF1B73CF880010D2EA</string>
			</array>
			<key>buildRules</key>
			<array/>
			<key>dependencies</key>
			<array>
				<string>181EF8031B73CF880010D2EA</string>
			</array>
			<key>isa</key>
			<string>PBXNativeTarget</string>
			<key>name</key>
			<string>TempleTripTests</string>
			<key>productName</key>
			<string>TempleTripTests</string>
			<key>productReference</key>
			<string>181EF8011B73CF880010D2EA</string>
			<key>productType</key>
			<string>com.apple.product-type.bundle.unit-test</string>
		</dict>
		<key>181EF8011B73CF880010D2EA</key>
		<dict>
			<key>explicitFileType</key>
			<string>wrapper.cfbundle</string>
			<key>includeInIndex</key>
			<string>0</string>
			<key>isa</key>
			<string>PBXFileReference</string>
			<key>path</key>
			<string>TempleTripTests.xctest</string>
			<key>sourceTree</key>
			<string>BUILT_PRODUCTS_DIR</string>
		</dict>
		<key>181EF8021B73CF880010D2EA</key>
		<dict>
			<key>containerPortal</key>
			<string>181EF7DA1B73CF870010D2EA</string>
			<key>isa</key>
			<string>PBXContainerItemProxy</string>
			<key>proxyType</key>
			<string>1</string>
			<key>remoteGlobalIDString</key>
			<string>181EF7E11B73CF870010D2EA</string>
			<key>remoteInfo</key>
			<string>TempleTrip</string>
		</dict>
		<key>181EF8031B73CF880010D2EA</key>
		<dict>
			<key>isa</key>
			<string>PBXTargetDependency</string>
			<key>target</key>
			<string>181EF7E11B73CF870010D2EA</string>
			<key>targetProxy</key>
			<string>181EF8021B73CF880010D2EA</string>
		</dict>
		<key>181EF8041B73CF880010D2EA</key>
		<dict>
			<key>children</key>
			<array>
				<string>181EF8051B73CF880010D2EA</string>
				<string>18C6CE971C2E372D00779183</string>
				<string>18C6CE991C2E3E2500779183</string>
			</array>
			<key>isa</key>
			<string>PBXGroup</string>
			<key>path</key>
			<string>TempleTripTests</string>
			<key>sourceTree</key>
			<string>&lt;group&gt;</string>
		</dict>
		<key>181EF8051B73CF880010D2EA</key>
		<dict>
			<key>children</key>
			<array>
				<string>181EF8061B73CF880010D2EA</string>
			</array>
			<key>isa</key>
			<string>PBXGroup</string>
			<key>name</key>
			<string>Supporting Files</string>
			<key>sourceTree</key>
			<string>&lt;group&gt;</string>
		</dict>
		<key>181EF8061B73CF880010D2EA</key>
		<dict>
			<key>isa</key>
			<string>PBXFileReference</string>
			<key>lastKnownFileType</key>
			<string>text.plist.xml</string>
			<key>path</key>
			<string>Info.plist</string>
			<key>sourceTree</key>
			<string>&lt;group&gt;</string>
		</dict>
		<key>181EF8091B73CF880010D2EA</key>
		<dict>
			<key>buildSettings</key>
			<dict>
				<key>ALWAYS_SEARCH_USER_PATHS</key>
				<string>NO</string>
				<key>CLANG_CXX_LANGUAGE_STANDARD</key>
				<string>gnu++0x</string>
				<key>CLANG_CXX_LIBRARY</key>
				<string>libc++</string>
				<key>CLANG_ENABLE_MODULES</key>
				<string>YES</string>
				<key>CLANG_ENABLE_OBJC_ARC</key>
				<string>YES</string>
				<key>CLANG_WARN_BOOL_CONVERSION</key>
				<string>YES</string>
				<key>CLANG_WARN_CONSTANT_CONVERSION</key>
				<string>YES</string>
				<key>CLANG_WARN_DIRECT_OBJC_ISA_USAGE</key>
				<string>YES_ERROR</string>
				<key>CLANG_WARN_EMPTY_BODY</key>
				<string>YES</string>
				<key>CLANG_WARN_ENUM_CONVERSION</key>
				<string>YES</string>
				<key>CLANG_WARN_INT_CONVERSION</key>
				<string>YES</string>
				<key>CLANG_WARN_OBJC_ROOT_CLASS</key>
				<string>YES_ERROR</string>
				<key>CLANG_WARN_UNREACHABLE_CODE</key>
				<string>YES</string>
				<key>CLANG_WARN__DUPLICATE_METHOD_MATCH</key>
				<string>YES</string>
				<key>CODE_SIGN_IDENTITY[sdk=iphoneos*]</key>
				<string>iPhone Developer</string>
				<key>COPY_PHASE_STRIP</key>
				<string>NO</string>
				<key>DEBUG_INFORMATION_FORMAT</key>
				<string>dwarf-with-dsym</string>
				<key>ENABLE_STRICT_OBJC_MSGSEND</key>
				<string>YES</string>
				<key>ENABLE_TESTABILITY</key>
				<string>YES</string>
				<key>GCC_C_LANGUAGE_STANDARD</key>
				<string>gnu99</string>
				<key>GCC_DYNAMIC_NO_PIC</key>
				<string>NO</string>
				<key>GCC_NO_COMMON_BLOCKS</key>
				<string>YES</string>
				<key>GCC_OPTIMIZATION_LEVEL</key>
				<string>0</string>
				<key>GCC_PREPROCESSOR_DEFINITIONS</key>
				<array>
					<string>DEBUG=1</string>
					<string>$(inherited)</string>
				</array>
				<key>GCC_SYMBOLS_PRIVATE_EXTERN</key>
				<string>NO</string>
				<key>GCC_WARN_64_TO_32_BIT_CONVERSION</key>
				<string>YES</string>
				<key>GCC_WARN_ABOUT_RETURN_TYPE</key>
				<string>YES_ERROR</string>
				<key>GCC_WARN_UNDECLARED_SELECTOR</key>
				<string>YES</string>
				<key>GCC_WARN_UNINITIALIZED_AUTOS</key>
				<string>YES_AGGRESSIVE</string>
				<key>GCC_WARN_UNUSED_FUNCTION</key>
				<string>YES</string>
				<key>GCC_WARN_UNUSED_VARIABLE</key>
				<string>YES</string>
				<key>IPHONEOS_DEPLOYMENT_TARGET</key>
				<string>9.2</string>
				<key>MTL_ENABLE_DEBUG_INFO</key>
				<string>YES</string>
				<key>ONLY_ACTIVE_ARCH</key>
				<string>YES</string>
				<key>SDKROOT</key>
				<string>iphoneos</string>
			</dict>
			<key>isa</key>
			<string>XCBuildConfiguration</string>
			<key>name</key>
			<string>Debug</string>
		</dict>
		<key>181EF80A1B73CF880010D2EA</key>
		<dict>
			<key>buildSettings</key>
			<dict>
				<key>ALWAYS_SEARCH_USER_PATHS</key>
				<string>NO</string>
				<key>CLANG_CXX_LANGUAGE_STANDARD</key>
				<string>gnu++0x</string>
				<key>CLANG_CXX_LIBRARY</key>
				<string>libc++</string>
				<key>CLANG_ENABLE_MODULES</key>
				<string>YES</string>
				<key>CLANG_ENABLE_OBJC_ARC</key>
				<string>YES</string>
				<key>CLANG_WARN_BOOL_CONVERSION</key>
				<string>YES</string>
				<key>CLANG_WARN_CONSTANT_CONVERSION</key>
				<string>YES</string>
				<key>CLANG_WARN_DIRECT_OBJC_ISA_USAGE</key>
				<string>YES_ERROR</string>
				<key>CLANG_WARN_EMPTY_BODY</key>
				<string>YES</string>
				<key>CLANG_WARN_ENUM_CONVERSION</key>
				<string>YES</string>
				<key>CLANG_WARN_INT_CONVERSION</key>
				<string>YES</string>
				<key>CLANG_WARN_OBJC_ROOT_CLASS</key>
				<string>YES_ERROR</string>
				<key>CLANG_WARN_UNREACHABLE_CODE</key>
				<string>YES</string>
				<key>CLANG_WARN__DUPLICATE_METHOD_MATCH</key>
				<string>YES</string>
				<key>CODE_SIGN_IDENTITY[sdk=iphoneos*]</key>
				<string>iPhone Developer</string>
				<key>COPY_PHASE_STRIP</key>
				<string>NO</string>
				<key>DEBUG_INFORMATION_FORMAT</key>
				<string>dwarf-with-dsym</string>
				<key>ENABLE_NS_ASSERTIONS</key>
				<string>NO</string>
				<key>ENABLE_STRICT_OBJC_MSGSEND</key>
				<string>YES</string>
				<key>GCC_C_LANGUAGE_STANDARD</key>
				<string>gnu99</string>
				<key>GCC_NO_COMMON_BLOCKS</key>
				<string>YES</string>
				<key>GCC_WARN_64_TO_32_BIT_CONVERSION</key>
				<string>YES</string>
				<key>GCC_WARN_ABOUT_RETURN_TYPE</key>
				<string>YES_ERROR</string>
				<key>GCC_WARN_UNDECLARED_SELECTOR</key>
				<string>YES</string>
				<key>GCC_WARN_UNINITIALIZED_AUTOS</key>
				<string>YES_AGGRESSIVE</string>
				<key>GCC_WARN_UNUSED_FUNCTION</key>
				<string>YES</string>
				<key>GCC_WARN_UNUSED_VARIABLE</key>
				<string>YES</string>
				<key>IPHONEOS_DEPLOYMENT_TARGET</key>
				<string>9.2</string>
				<key>MTL_ENABLE_DEBUG_INFO</key>
				<string>NO</string>
				<key>SDKROOT</key>
				<string>iphoneos</string>
				<key>VALIDATE_PRODUCT</key>
				<string>YES</string>
			</dict>
			<key>isa</key>
			<string>XCBuildConfiguration</string>
			<key>name</key>
			<string>Release</string>
		</dict>
		<key>181EF80B1B73CF880010D2EA</key>
		<dict>
			<key>buildConfigurations</key>
			<array>
				<string>181EF80C1B73CF880010D2EA</string>
				<string>181EF80D1B73CF880010D2EA</string>
			</array>
			<key>defaultConfigurationIsVisible</key>
			<string>0</string>
			<key>defaultConfigurationName</key>
			<string>Release</string>
			<key>isa</key>
			<string>XCConfigurationList</string>
		</dict>
		<key>181EF80C1B73CF880010D2EA</key>
		<dict>
			<key>baseConfigurationReference</key>
			<string>F15E867ADE006CBFE68FBBF3</string>
			<key>buildSettings</key>
			<dict>
				<key>ASSETCATALOG_COMPILER_APPICON_NAME</key>
				<string>AppIcon</string>
				<key>CLANG_ENABLE_MODULES</key>
				<string>YES</string>
				<key>CODE_SIGN_IDENTITY</key>
				<string>iPhone Developer</string>
				<key>CODE_SIGN_IDENTITY[sdk=iphoneos*]</key>
				<string>iPhone Developer</string>
				<key>DEFINES_MODULE</key>
				<string>YES</string>
				<key>FRAMEWORK_SEARCH_PATHS</key>
				<array>
					<string>$(inherited)</string>
					<string>$(PROJECT_DIR)</string>
					<string>$(PROJECT_DIR)/TempleTrip</string>
				</array>
				<key>FRAMEWORK_SEARCH_PATHS[arch=*]</key>
				<string>$(SRCROOT)</string>
				<key>INFOPLIST_FILE</key>
				<string>TempleTrip/Info.plist</string>
				<key>IPHONEOS_DEPLOYMENT_TARGET</key>
				<string>9.0</string>
				<key>LD_RUNPATH_SEARCH_PATHS</key>
				<string>$(inherited) @executable_path/Frameworks</string>
				<key>PRODUCT_BUNDLE_IDENTIFIER</key>
				<string>com.ephraimhowardkunz.templetrip</string>
				<key>PRODUCT_NAME</key>
				<string>$(TARGET_NAME)</string>
				<key>PROVISIONING_PROFILE</key>
				<string></string>
				<key>SWIFT_OBJC_BRIDGING_HEADER</key>
				<string>TempleTrip/TempleTrip-Bridging-Header.h</string>
				<key>SWIFT_OPTIMIZATION_LEVEL</key>
				<string>-Onone</string>
				<key>TARGETED_DEVICE_FAMILY</key>
				<string>1,2</string>
			</dict>
			<key>isa</key>
			<string>XCBuildConfiguration</string>
			<key>name</key>
			<string>Debug</string>
		</dict>
		<key>181EF80D1B73CF880010D2EA</key>
		<dict>
			<key>baseConfigurationReference</key>
			<string>56780992B64A9583DA24A4AB</string>
			<key>buildSettings</key>
			<dict>
				<key>ASSETCATALOG_COMPILER_APPICON_NAME</key>
				<string>AppIcon</string>
				<key>CLANG_ENABLE_MODULES</key>
				<string>YES</string>
				<key>CODE_SIGN_IDENTITY</key>
				<string>iPhone Developer</string>
				<key>CODE_SIGN_IDENTITY[sdk=iphoneos*]</key>
				<string>iPhone Developer</string>
				<key>DEFINES_MODULE</key>
				<string>YES</string>
				<key>FRAMEWORK_SEARCH_PATHS</key>
				<array>
					<string>$(inherited)</string>
					<string>$(PROJECT_DIR)</string>
					<string>$(PROJECT_DIR)/TempleTrip</string>
				</array>
				<key>INFOPLIST_FILE</key>
				<string>TempleTrip/Info.plist</string>
				<key>IPHONEOS_DEPLOYMENT_TARGET</key>
				<string>9.0</string>
				<key>LD_RUNPATH_SEARCH_PATHS</key>
				<string>$(inherited) @executable_path/Frameworks</string>
				<key>PRODUCT_BUNDLE_IDENTIFIER</key>
				<string>com.ephraimhowardkunz.templetrip</string>
				<key>PRODUCT_NAME</key>
				<string>$(TARGET_NAME)</string>
				<key>PROVISIONING_PROFILE</key>
				<string></string>
				<key>SWIFT_OBJC_BRIDGING_HEADER</key>
				<string>TempleTrip/TempleTrip-Bridging-Header.h</string>
				<key>TARGETED_DEVICE_FAMILY</key>
				<string>1,2</string>
			</dict>
			<key>isa</key>
			<string>XCBuildConfiguration</string>
			<key>name</key>
			<string>Release</string>
		</dict>
		<key>181EF80E1B73CF880010D2EA</key>
		<dict>
			<key>buildConfigurations</key>
			<array>
				<string>181EF80F1B73CF880010D2EA</string>
				<string>181EF8101B73CF880010D2EA</string>
			</array>
			<key>defaultConfigurationIsVisible</key>
			<string>0</string>
			<key>defaultConfigurationName</key>
			<string>Release</string>
			<key>isa</key>
			<string>XCConfigurationList</string>
		</dict>
		<key>181EF80F1B73CF880010D2EA</key>
		<dict>
			<key>buildSettings</key>
			<dict>
				<key>BUNDLE_LOADER</key>
				<string>$(TEST_HOST)</string>
				<key>GCC_PREPROCESSOR_DEFINITIONS</key>
				<array>
					<string>DEBUG=1</string>
					<string>$(inherited)</string>
				</array>
				<key>INFOPLIST_FILE</key>
				<string>TempleTripTests/Info.plist</string>
				<key>LD_RUNPATH_SEARCH_PATHS</key>
				<string>$(inherited) @executable_path/Frameworks @loader_path/Frameworks</string>
				<key>PRODUCT_BUNDLE_IDENTIFIER</key>
				<string>com.EphraimKunz.$(PRODUCT_NAME:rfc1034identifier)</string>
				<key>PRODUCT_NAME</key>
				<string>$(TARGET_NAME)</string>
				<key>TEST_HOST</key>
				<string>$(BUILT_PRODUCTS_DIR)/TempleTrip.app/TempleTrip</string>
			</dict>
			<key>isa</key>
			<string>XCBuildConfiguration</string>
			<key>name</key>
			<string>Debug</string>
		</dict>
		<key>181EF8101B73CF880010D2EA</key>
		<dict>
			<key>buildSettings</key>
			<dict>
				<key>BUNDLE_LOADER</key>
				<string>$(TEST_HOST)</string>
				<key>INFOPLIST_FILE</key>
				<string>TempleTripTests/Info.plist</string>
				<key>LD_RUNPATH_SEARCH_PATHS</key>
				<string>$(inherited) @executable_path/Frameworks @loader_path/Frameworks</string>
				<key>PRODUCT_BUNDLE_IDENTIFIER</key>
				<string>com.EphraimKunz.$(PRODUCT_NAME:rfc1034identifier)</string>
				<key>PRODUCT_NAME</key>
				<string>$(TARGET_NAME)</string>
				<key>TEST_HOST</key>
				<string>$(BUILT_PRODUCTS_DIR)/TempleTrip.app/TempleTrip</string>
			</dict>
			<key>isa</key>
			<string>XCBuildConfiguration</string>
			<key>name</key>
			<string>Release</string>
		</dict>
		<key>182787381C2B0DCE00196E0F</key>
		<dict>
			<key>children</key>
			<array>
				<string>18C6CE901C2E35B100779183</string>
				<string>181EF7F51B73CF880010D2EA</string>
				<string>18DC93FB1C1D213500D1E367</string>
				<string>1827873E1C2B2A3700196E0F</string>
				<string>1827873A1C2B148500196E0F</string>
			</array>
			<key>isa</key>
			<string>PBXGroup</string>
			<key>name</key>
			<string>View</string>
			<key>sourceTree</key>
			<string>&lt;group&gt;</string>
		</dict>
		<key>182787391C2B0DFB00196E0F</key>
		<dict>
			<key>children</key>
			<array>
				<string>18C6CE841C2DB8FE00779183</string>
				<string>18C6CE851C2DB8FE00779183</string>
				<string>181EF7EF1B73CF880010D2EA</string>
				<string>181EF7F01B73CF880010D2EA</string>
				<string>18C6CE8F1C2E35B100779183</string>
				<string>18C6CE8E1C2E35B100779183</string>
				<string>18A2EF6D1BE87A4000FB4D69</string>
				<string>18A2EF6E1BE87A4000FB4D69</string>
				<string>184DBFD31C41A23C00572D80</string>
				<string>184DBFD41C41A23C00572D80</string>
				<string>18EB7BEA1CB4237D00A0D659</string>
			</array>
			<key>isa</key>
			<string>PBXGroup</string>
			<key>name</key>
			<string>Controllers</string>
			<key>sourceTree</key>
			<string>&lt;group&gt;</string>
		</dict>
		<key>1827873A1C2B148500196E0F</key>
		<dict>
			<key>fileEncoding</key>
			<string>4</string>
			<key>isa</key>
			<string>PBXFileReference</string>
			<key>lastKnownFileType</key>
			<string>sourcecode.swift</string>
			<key>path</key>
			<string>SchedulePickerTableViewCell.swift</string>
			<key>sourceTree</key>
			<string>&lt;group&gt;</string>
		</dict>
		<key>1827873B1C2B148500196E0F</key>
		<dict>
			<key>fileRef</key>
			<string>1827873A1C2B148500196E0F</string>
			<key>isa</key>
			<string>PBXBuildFile</string>
		</dict>
		<key>1827873E1C2B2A3700196E0F</key>
		<dict>
			<key>fileEncoding</key>
			<string>4</string>
			<key>isa</key>
			<string>PBXFileReference</string>
			<key>lastKnownFileType</key>
			<string>sourcecode.swift</string>
			<key>path</key>
			<string>EditableTextTableViewCell.swift</string>
			<key>sourceTree</key>
			<string>&lt;group&gt;</string>
		</dict>
		<key>1827873F1C2B2A3700196E0F</key>
		<dict>
			<key>fileRef</key>
			<string>1827873E1C2B2A3700196E0F</string>
			<key>isa</key>
			<string>PBXBuildFile</string>
		</dict>
		<key>182DE7BE1C5489470001AD61</key>
		<dict>
			<key>isa</key>
			<string>PBXFileReference</string>
			<key>lastKnownFileType</key>
			<string>wrapper.xcdatamodel</string>
			<key>path</key>
			<string>TempleTrip 2.xcdatamodel</string>
			<key>sourceTree</key>
			<string>&lt;group&gt;</string>
		</dict>
		<key>1842AE5E1C2F63A800FF5A66</key>
		<dict>
			<key>isa</key>
			<string>PBXFileReference</string>
			<key>lastKnownFileType</key>
			<string>wrapper.framework</string>
			<key>name</key>
			<string>AudioToolbox.framework</string>
			<key>path</key>
			<string>System/Library/Frameworks/AudioToolbox.framework</string>
			<key>sourceTree</key>
			<string>SDKROOT</string>
		</dict>
		<key>1842AE601C2F63B600FF5A66</key>
		<dict>
			<key>isa</key>
			<string>PBXFileReference</string>
			<key>lastKnownFileType</key>
			<string>wrapper.framework</string>
			<key>name</key>
			<string>CFNetwork.framework</string>
			<key>path</key>
			<string>System/Library/Frameworks/CFNetwork.framework</string>
			<key>sourceTree</key>
			<string>SDKROOT</string>
		</dict>
		<key>1842AE621C2F63C300FF5A66</key>
		<dict>
			<key>isa</key>
			<string>PBXFileReference</string>
			<key>lastKnownFileType</key>
			<string>wrapper.framework</string>
			<key>name</key>
			<string>CoreGraphics.framework</string>
			<key>path</key>
			<string>System/Library/Frameworks/CoreGraphics.framework</string>
			<key>sourceTree</key>
			<string>SDKROOT</string>
		</dict>
		<key>1842AE661C2F63DF00FF5A66</key>
		<dict>
			<key>isa</key>
			<string>PBXFileReference</string>
			<key>lastKnownFileType</key>
			<string>wrapper.framework</string>
			<key>name</key>
			<string>QuartzCore.framework</string>
			<key>path</key>
			<string>System/Library/Frameworks/QuartzCore.framework</string>
			<key>sourceTree</key>
			<string>SDKROOT</string>
		</dict>
		<key>1842AE681C2F63E800FF5A66</key>
		<dict>
			<key>isa</key>
			<string>PBXFileReference</string>
			<key>lastKnownFileType</key>
			<string>wrapper.framework</string>
			<key>name</key>
			<string>Security.framework</string>
			<key>path</key>
			<string>System/Library/Frameworks/Security.framework</string>
			<key>sourceTree</key>
			<string>SDKROOT</string>
		</dict>
		<key>1842AE6C1C2F63FE00FF5A66</key>
		<dict>
			<key>isa</key>
			<string>PBXFileReference</string>
			<key>lastKnownFileType</key>
			<string>wrapper.framework</string>
			<key>name</key>
			<string>SystemConfiguration.framework</string>
			<key>path</key>
			<string>System/Library/Frameworks/SystemConfiguration.framework</string>
			<key>sourceTree</key>
			<string>SDKROOT</string>
		</dict>
		<key>1842AE6E1C2F640D00FF5A66</key>
		<dict>
			<key>isa</key>
			<string>PBXFileReference</string>
			<key>lastKnownFileType</key>
			<string>sourcecode.text-based-dylib-definition</string>
			<key>name</key>
			<string>libz.tbd</string>
			<key>path</key>
			<string>usr/lib/libz.tbd</string>
			<key>sourceTree</key>
			<string>SDKROOT</string>
		</dict>
		<key>1842AE701C2F641E00FF5A66</key>
		<dict>
			<key>isa</key>
			<string>PBXFileReference</string>
			<key>lastKnownFileType</key>
			<string>sourcecode.text-based-dylib-definition</string>
			<key>name</key>
			<string>libsqlite3.tbd</string>
			<key>path</key>
			<string>usr/lib/libsqlite3.tbd</string>
			<key>sourceTree</key>
			<string>SDKROOT</string>
		</dict>
		<key>1842AE721C2F646400FF5A66</key>
		<dict>
			<key>children</key>
			<array>
				<string>1842AE701C2F641E00FF5A66</string>
				<string>1842AE6E1C2F640D00FF5A66</string>
				<string>1842AE6C1C2F63FE00FF5A66</string>
				<string>1842AE681C2F63E800FF5A66</string>
				<string>1842AE661C2F63DF00FF5A66</string>
				<string>1842AE621C2F63C300FF5A66</string>
				<string>1842AE601C2F63B600FF5A66</string>
				<string>1842AE5E1C2F63A800FF5A66</string>
			</array>
			<key>isa</key>
			<string>PBXGroup</string>
			<key>name</key>
			<string>Parse dependencies</string>
			<key>path</key>
			<string>..</string>
			<key>sourceTree</key>
			<string>&lt;group&gt;</string>
		</dict>
		<key>184C59E01C41C1DA0052241D</key>
		<dict>
			<key>fileEncoding</key>
			<string>4</string>
			<key>isa</key>
			<string>PBXFileReference</string>
			<key>lastKnownFileType</key>
			<string>sourcecode.c.h</string>
			<key>path</key>
			<string>FavoritesUpdatingProtocol.h</string>
			<key>sourceTree</key>
			<string>&lt;group&gt;</string>
		</dict>
		<key>184DBFD31C41A23C00572D80</key>
		<dict>
			<key>fileEncoding</key>
			<string>4</string>
			<key>isa</key>
			<string>PBXFileReference</string>
			<key>lastKnownFileType</key>
			<string>sourcecode.c.h</string>
			<key>path</key>
			<string>GlobalSplitViewController.h</string>
			<key>sourceTree</key>
			<string>&lt;group&gt;</string>
		</dict>
		<key>184DBFD41C41A23C00572D80</key>
		<dict>
			<key>fileEncoding</key>
			<string>4</string>
			<key>isa</key>
			<string>PBXFileReference</string>
			<key>lastKnownFileType</key>
			<string>sourcecode.c.objc</string>
			<key>path</key>
			<string>GlobalSplitViewController.m</string>
			<key>sourceTree</key>
			<string>&lt;group&gt;</string>
		</dict>
		<key>184DBFD51C41A23C00572D80</key>
		<dict>
			<key>fileRef</key>
			<string>184DBFD41C41A23C00572D80</string>
			<key>isa</key>
			<string>PBXBuildFile</string>
		</dict>
		<key>1877D7221C0758F20022BF60</key>
		<dict>
			<key>buildActionMask</key>
			<string>2147483647</string>
			<key>files</key>
			<array/>
			<key>inputPaths</key>
			<array/>
			<key>isa</key>
			<string>PBXShellScriptBuildPhase</string>
			<key>outputPaths</key>
			<array/>
			<key>runOnlyForDeploymentPostprocessing</key>
			<string>0</string>
			<key>shellPath</key>
			<string>/bin/sh</string>
			<key>shellScript</key>
			<string>./Fabric.framework/run abd7e04d91a9cd3680a3cac4718edbb8b6044ad8 0b7f30e6caca457e72ae2610360cae3ce53bed94b81a4fa41b590d5277d38b34</string>
		</dict>
		<key>1877D7231C0759060022BF60</key>
		<dict>
			<key>isa</key>
			<string>PBXFileReference</string>
			<key>lastKnownFileType</key>
			<string>wrapper.framework</string>
			<key>path</key>
			<string>Fabric.framework</string>
			<key>sourceTree</key>
			<string>SOURCE_ROOT</string>
		</dict>
		<key>1877D7241C0759060022BF60</key>
		<dict>
			<key>isa</key>
			<string>PBXFileReference</string>
			<key>lastKnownFileType</key>
			<string>wrapper.framework</string>
			<key>path</key>
			<string>Crashlytics.framework</string>
			<key>sourceTree</key>
			<string>SOURCE_ROOT</string>
		</dict>
		<key>1877D7251C0759060022BF60</key>
		<dict>
			<key>fileRef</key>
			<string>1877D7231C0759060022BF60</string>
			<key>isa</key>
			<string>PBXBuildFile</string>
		</dict>
		<key>1877D7261C0759060022BF60</key>
		<dict>
			<key>fileRef</key>
			<string>1877D7241C0759060022BF60</string>
			<key>isa</key>
			<string>PBXBuildFile</string>
		</dict>
		<key>18A2EF6D1BE87A4000FB4D69</key>
		<dict>
			<key>fileEncoding</key>
			<string>4</string>
			<key>isa</key>
			<string>PBXFileReference</string>
			<key>lastKnownFileType</key>
			<string>sourcecode.c.h</string>
			<key>path</key>
			<string>ScheduleViewController.h</string>
			<key>sourceTree</key>
			<string>&lt;group&gt;</string>
		</dict>
		<key>18A2EF6E1BE87A4000FB4D69</key>
		<dict>
			<key>fileEncoding</key>
			<string>4</string>
			<key>isa</key>
			<string>PBXFileReference</string>
			<key>lastKnownFileType</key>
			<string>sourcecode.c.objc</string>
			<key>path</key>
			<string>ScheduleViewController.m</string>
			<key>sourceTree</key>
			<string>&lt;group&gt;</string>
		</dict>
		<key>18A2EF6F1BE87A4000FB4D69</key>
		<dict>
			<key>fileRef</key>
			<string>18A2EF6E1BE87A4000FB4D69</string>
			<key>isa</key>
			<string>PBXBuildFile</string>
		</dict>
		<key>18ABEC411BF5579900AA7EB7</key>
		<dict>
			<key>isa</key>
			<string>PBXFileReference</string>
			<key>lastKnownFileType</key>
			<string>wrapper.framework</string>
			<key>name</key>
			<string>EventKit.framework</string>
			<key>path</key>
			<string>System/Library/Frameworks/EventKit.framework</string>
			<key>sourceTree</key>
			<string>SDKROOT</string>
		</dict>
		<key>18ABEC421BF5579900AA7EB7</key>
		<dict>
			<key>fileRef</key>
			<string>18ABEC411BF5579900AA7EB7</string>
			<key>isa</key>
			<string>PBXBuildFile</string>
		</dict>
		<key>18AF86D51C66EA3400A355C7</key>
		<dict>
			<key>fileEncoding</key>
			<string>4</string>
			<key>isa</key>
			<string>PBXFileReference</string>
			<key>lastKnownFileType</key>
			<string>text.plist.xml</string>
			<key>path</key>
			<string>PlatformNames.plist</string>
			<key>sourceTree</key>
			<string>&lt;group&gt;</string>
		</dict>
		<key>18AF86D61C66EA3400A355C7</key>
		<dict>
			<key>fileRef</key>
			<string>18AF86D51C66EA3400A355C7</string>
			<key>isa</key>
			<string>PBXBuildFile</string>
		</dict>
		<key>18AF86D71C66EB8B00A355C7</key>
		<dict>
			<key>fileEncoding</key>
			<string>4</string>
			<key>isa</key>
			<string>PBXFileReference</string>
			<key>lastKnownFileType</key>
			<string>sourcecode.c.h</string>
			<key>path</key>
			<string>AppContextHelper.h</string>
			<key>sourceTree</key>
			<string>&lt;group&gt;</string>
		</dict>
		<key>18AF86D81C66EB8B00A355C7</key>
		<dict>
			<key>fileEncoding</key>
			<string>4</string>
			<key>isa</key>
			<string>PBXFileReference</string>
			<key>lastKnownFileType</key>
			<string>sourcecode.c.objc</string>
			<key>path</key>
			<string>AppContextHelper.m</string>
			<key>sourceTree</key>
			<string>&lt;group&gt;</string>
		</dict>
		<key>18AF86D91C66EB8B00A355C7</key>
		<dict>
			<key>fileRef</key>
			<string>18AF86D81C66EB8B00A355C7</string>
			<key>isa</key>
			<string>PBXBuildFile</string>
		</dict>
		<key>18C6CE841C2DB8FE00779183</key>
		<dict>
			<key>fileEncoding</key>
			<string>4</string>
			<key>isa</key>
			<string>PBXFileReference</string>
			<key>lastKnownFileType</key>
			<string>sourcecode.c.h</string>
			<key>path</key>
			<string>DetailDataSource.h</string>
			<key>sourceTree</key>
			<string>&lt;group&gt;</string>
		</dict>
		<key>18C6CE851C2DB8FE00779183</key>
		<dict>
			<key>fileEncoding</key>
			<string>4</string>
			<key>isa</key>
			<string>PBXFileReference</string>
			<key>lastKnownFileType</key>
			<string>sourcecode.c.objc</string>
			<key>path</key>
			<string>DetailDataSource.m</string>
			<key>sourceTree</key>
			<string>&lt;group&gt;</string>
		</dict>
		<key>18C6CE861C2DB8FE00779183</key>
		<dict>
			<key>fileRef</key>
			<string>18C6CE851C2DB8FE00779183</string>
			<key>isa</key>
			<string>PBXBuildFile</string>
		</dict>
		<key>18C6CE871C2DBACA00779183</key>
		<dict>
			<key>fileEncoding</key>
			<string>4</string>
			<key>isa</key>
			<string>PBXFileReference</string>
			<key>lastKnownFileType</key>
			<string>sourcecode.c.h</string>
			<key>path</key>
			<string>ImageHelper.h</string>
			<key>sourceTree</key>
			<string>&lt;group&gt;</string>
		</dict>
		<key>18C6CE881C2DBACA00779183</key>
		<dict>
			<key>fileEncoding</key>
			<string>4</string>
			<key>isa</key>
			<string>PBXFileReference</string>
			<key>lastKnownFileType</key>
			<string>sourcecode.c.objc</string>
			<key>path</key>
			<string>ImageHelper.m</string>
			<key>sourceTree</key>
			<string>&lt;group&gt;</string>
		</dict>
		<key>18C6CE891C2DBACA00779183</key>
		<dict>
			<key>fileRef</key>
			<string>18C6CE881C2DBACA00779183</string>
			<key>isa</key>
			<string>PBXBuildFile</string>
		</dict>
		<key>18C6CE8A1C2DC06800779183</key>
		<dict>
			<key>fileEncoding</key>
			<string>4</string>
			<key>isa</key>
			<string>PBXFileReference</string>
			<key>lastKnownFileType</key>
			<string>sourcecode.c.h</string>
			<key>path</key>
			<string>DateTimeHelper.h</string>
			<key>sourceTree</key>
			<string>&lt;group&gt;</string>
		</dict>
		<key>18C6CE8B1C2DC06800779183</key>
		<dict>
			<key>fileEncoding</key>
			<string>4</string>
			<key>isa</key>
			<string>PBXFileReference</string>
			<key>lastKnownFileType</key>
			<string>sourcecode.c.objc</string>
			<key>path</key>
			<string>DateTimeHelper.m</string>
			<key>sourceTree</key>
			<string>&lt;group&gt;</string>
		</dict>
		<key>18C6CE8C1C2DC06800779183</key>
		<dict>
			<key>fileRef</key>
			<string>18C6CE8B1C2DC06800779183</string>
			<key>isa</key>
			<string>PBXBuildFile</string>
		</dict>
		<key>18C6CE8D1C2E35B100779183</key>
		<dict>
			<key>fileEncoding</key>
			<string>4</string>
			<key>isa</key>
			<string>PBXFileReference</string>
			<key>lastKnownFileType</key>
			<string>text.plist.xml</string>
			<key>path</key>
			<string>DefaultPreferences.plist</string>
			<key>sourceTree</key>
			<string>&lt;group&gt;</string>
		</dict>
		<key>18C6CE8E1C2E35B100779183</key>
		<dict>
			<key>fileEncoding</key>
			<string>4</string>
			<key>isa</key>
			<string>PBXFileReference</string>
			<key>lastKnownFileType</key>
			<string>sourcecode.c.h</string>
			<key>path</key>
			<string>DetailTableViewController.h</string>
			<key>sourceTree</key>
			<string>&lt;group&gt;</string>
		</dict>
		<key>18C6CE8F1C2E35B100779183</key>
		<dict>
			<key>fileEncoding</key>
			<string>4</string>
			<key>isa</key>
			<string>PBXFileReference</string>
			<key>lastKnownFileType</key>
			<string>sourcecode.c.objc</string>
			<key>path</key>
			<string>DetailTableViewController.m</string>
			<key>sourceTree</key>
			<string>&lt;group&gt;</string>
		</dict>
		<key>18C6CE901C2E35B100779183</key>
		<dict>
			<key>fileEncoding</key>
			<string>4</string>
			<key>isa</key>
			<string>PBXFileReference</string>
			<key>lastKnownFileType</key>
			<string>file.storyboard</string>
			<key>path</key>
			<string>Launch Screen.storyboard</string>
			<key>sourceTree</key>
			<string>&lt;group&gt;</string>
		</dict>
		<key>18C6CE911C2E35B100779183</key>
		<dict>
			<key>fileEncoding</key>
			<string>4</string>
			<key>isa</key>
			<string>PBXFileReference</string>
			<key>lastKnownFileType</key>
			<string>sourcecode.c.h</string>
			<key>path</key>
			<string>Temple.h</string>
			<key>sourceTree</key>
			<string>&lt;group&gt;</string>
		</dict>
		<key>18C6CE921C2E35B100779183</key>
		<dict>
			<key>fileEncoding</key>
			<string>4</string>
			<key>isa</key>
			<string>PBXFileReference</string>
			<key>lastKnownFileType</key>
			<string>sourcecode.c.objc</string>
			<key>path</key>
			<string>Temple.m</string>
			<key>sourceTree</key>
			<string>&lt;group&gt;</string>
		</dict>
		<key>18C6CE931C2E35B100779183</key>
		<dict>
			<key>fileRef</key>
			<string>18C6CE8D1C2E35B100779183</string>
			<key>isa</key>
			<string>PBXBuildFile</string>
		</dict>
		<key>18C6CE941C2E35B100779183</key>
		<dict>
			<key>fileRef</key>
			<string>18C6CE8F1C2E35B100779183</string>
			<key>isa</key>
			<string>PBXBuildFile</string>
		</dict>
		<key>18C6CE951C2E35B100779183</key>
		<dict>
			<key>fileRef</key>
			<string>18C6CE901C2E35B100779183</string>
			<key>isa</key>
			<string>PBXBuildFile</string>
		</dict>
		<key>18C6CE961C2E35B100779183</key>
		<dict>
			<key>fileRef</key>
			<string>18C6CE921C2E35B100779183</string>
			<key>isa</key>
			<string>PBXBuildFile</string>
		</dict>
		<key>18C6CE971C2E372D00779183</key>
		<dict>
			<key>fileEncoding</key>
			<string>4</string>
			<key>isa</key>
			<string>PBXFileReference</string>
			<key>lastKnownFileType</key>
			<string>sourcecode.c.objc</string>
			<key>path</key>
			<string>DateTimeHelperTest.m</string>
			<key>sourceTree</key>
			<string>&lt;group&gt;</string>
		</dict>
		<key>18C6CE981C2E372D00779183</key>
		<dict>
			<key>fileRef</key>
			<string>18C6CE971C2E372D00779183</string>
			<key>isa</key>
			<string>PBXBuildFile</string>
		</dict>
		<key>18C6CE991C2E3E2500779183</key>
		<dict>
			<key>fileEncoding</key>
			<string>4</string>
			<key>isa</key>
			<string>PBXFileReference</string>
			<key>lastKnownFileType</key>
			<string>sourcecode.c.objc</string>
			<key>path</key>
			<string>ImageHelperTest.m</string>
			<key>sourceTree</key>
			<string>&lt;group&gt;</string>
		</dict>
		<key>18C6CE9A1C2E3E2500779183</key>
		<dict>
			<key>fileRef</key>
			<string>18C6CE991C2E3E2500779183</string>
			<key>isa</key>
			<string>PBXBuildFile</string>
		</dict>
		<key>18C8F4FF1BD1D0CE00FFF64A</key>
		<dict>
			<key>buildActionMask</key>
			<string>2147483647</string>
			<key>dstPath</key>
			<string></string>
			<key>dstSubfolderSpec</key>
			<string>10</string>
			<key>files</key>
			<array/>
			<key>isa</key>
			<string>PBXCopyFilesBuildPhase</string>
			<key>name</key>
			<string>Embed Frameworks</string>
			<key>runOnlyForDeploymentPostprocessing</key>
			<string>0</string>
		</dict>
		<key>18CB44D91B745444001FA4B4</key>
		<dict>
			<key>fileEncoding</key>
			<string>4</string>
			<key>isa</key>
			<string>PBXFileReference</string>
			<key>lastKnownFileType</key>
			<string>text.json</string>
			<key>path</key>
			<string>results.json</string>
			<key>sourceTree</key>
			<string>&lt;group&gt;</string>
		</dict>
		<key>18CB44DA1B745444001FA4B4</key>
		<dict>
			<key>fileRef</key>
			<string>18CB44D91B745444001FA4B4</string>
			<key>isa</key>
			<string>PBXBuildFile</string>
		</dict>
		<key>18CB44DE1B75195B001FA4B4</key>
		<dict>
			<key>children</key>
			<array>
				<string>181EF7EC1B73CF880010D2EA</string>
				<string>18C6CE911C2E35B100779183</string>
				<string>18C6CE921C2E35B100779183</string>
				<string>18CB44D91B745444001FA4B4</string>
			</array>
			<key>isa</key>
			<string>PBXGroup</string>
			<key>name</key>
			<string>Model</string>
			<key>sourceTree</key>
			<string>&lt;group&gt;</string>
		</dict>
		<key>18DC93FB1C1D213500D1E367</key>
		<dict>
			<key>fileEncoding</key>
			<string>4</string>
			<key>isa</key>
			<string>PBXFileReference</string>
			<key>lastKnownFileType</key>
			<string>sourcecode.swift</string>
			<key>path</key>
			<string>ServicesAvailableCell.swift</string>
			<key>sourceTree</key>
			<string>&lt;group&gt;</string>
		</dict>
		<key>18DC93FC1C1D213500D1E367</key>
		<dict>
			<key>fileRef</key>
			<string>18DC93FB1C1D213500D1E367</string>
			<key>isa</key>
			<string>PBXBuildFile</string>
		</dict>
		<key>18DC93FE1C1F5E2700D1E367</key>
		<dict>
			<key>fileEncoding</key>
			<string>4</string>
			<key>isa</key>
			<string>PBXFileReference</string>
			<key>lastKnownFileType</key>
			<string>sourcecode.c.h</string>
			<key>path</key>
			<string>TempleTrip-Bridging-Header.h</string>
			<key>sourceTree</key>
			<string>&lt;group&gt;</string>
		</dict>
		<key>18EB7BEA1CB4237D00A0D659</key>
		<dict>
			<key>fileEncoding</key>
			<string>4</string>
			<key>isa</key>
			<string>PBXFileReference</string>
			<key>lastKnownFileType</key>
			<string>sourcecode.swift</string>
			<key>path</key>
			<string>DetailWebViewController.swift</string>
			<key>sourceTree</key>
			<string>&lt;group&gt;</string>
		</dict>
		<key>18EB7BEB1CB4237D00A0D659</key>
		<dict>
			<key>fileRef</key>
			<string>18EB7BEA1CB4237D00A0D659</string>
			<key>isa</key>
			<string>PBXBuildFile</string>
		</dict>
		<key>18EB7BEC1CB4270A00A0D659</key>
		<dict>
			<key>fileEncoding</key>
			<string>4</string>
			<key>isa</key>
			<string>PBXFileReference</string>
			<key>lastKnownFileType</key>
			<string>sourcecode.c.h</string>
			<key>path</key>
			<string>NetworkHelper.h</string>
			<key>sourceTree</key>
			<string>&lt;group&gt;</string>
		</dict>
		<key>18EB7BED1CB4270A00A0D659</key>
		<dict>
			<key>fileEncoding</key>
			<string>4</string>
			<key>isa</key>
			<string>PBXFileReference</string>
			<key>lastKnownFileType</key>
			<string>sourcecode.c.objc</string>
			<key>path</key>
			<string>NetworkHelper.m</string>
			<key>sourceTree</key>
			<string>&lt;group&gt;</string>
		</dict>
		<key>18EB7BEE1CB4270A00A0D659</key>
		<dict>
			<key>fileRef</key>
			<string>18EB7BED1CB4270A00A0D659</string>
			<key>isa</key>
			<string>PBXBuildFile</string>
		</dict>
		<key>18EB7BEF1CB5457F00A0D659</key>
		<dict>
			<key>fileEncoding</key>
			<string>4</string>
			<key>isa</key>
			<string>PBXFileReference</string>
			<key>lastKnownFileType</key>
			<string>sourcecode.swift</string>
			<key>path</key>
			<string>LaunchWebViewProtocol.swift</string>
			<key>sourceTree</key>
			<string>&lt;group&gt;</string>
		</dict>
		<key>18EB7BF01CB5457F00A0D659</key>
		<dict>
			<key>fileRef</key>
			<string>18EB7BEF1CB5457F00A0D659</string>
			<key>isa</key>
			<string>PBXBuildFile</string>
		</dict>
		<key>18EB7BF21CB5FB7700A0D659</key>
		<dict>
			<key>isa</key>
			<string>PBXFileReference</string>
			<key>lastKnownFileType</key>
			<string>wrapper.xcdatamodel</string>
			<key>path</key>
			<string>TempleTrip 3.xcdatamodel</string>
			<key>sourceTree</key>
			<string>&lt;group&gt;</string>
		</dict>
		<key>54F765108F7E829D331F8A4E</key>
		<dict>
			<key>children</key>
			<array>
				<string>F15E867ADE006CBFE68FBBF3</string>
				<string>56780992B64A9583DA24A4AB</string>
			</array>
			<key>isa</key>
			<string>PBXGroup</string>
			<key>name</key>
			<string>Pods</string>
			<key>sourceTree</key>
			<string>&lt;group&gt;</string>
		</dict>
		<key>56780992B64A9583DA24A4AB</key>
		<dict>
			<key>includeInIndex</key>
			<string>1</string>
			<key>isa</key>
			<string>PBXFileReference</string>
			<key>lastKnownFileType</key>
			<string>text.xcconfig</string>
			<key>name</key>
			<string>Pods-TempleTrip.release.xcconfig</string>
			<key>path</key>
			<string>Pods/Target Support Files/Pods-TempleTrip/Pods-TempleTrip.release.xcconfig</string>
			<key>sourceTree</key>
			<string>&lt;group&gt;</string>
		</dict>
		<key>65858CD9C6B007975C514EDF</key>
		<dict>
			<key>buildActionMask</key>
			<string>2147483647</string>
			<key>files</key>
			<array/>
			<key>inputPaths</key>
			<array/>
			<key>isa</key>
			<string>PBXShellScriptBuildPhase</string>
			<key>name</key>
			<string>Check Pods Manifest.lock</string>
			<key>outputPaths</key>
			<array/>
			<key>runOnlyForDeploymentPostprocessing</key>
			<string>0</string>
			<key>shellPath</key>
			<string>/bin/sh</string>
			<key>shellScript</key>
			<string>diff "${PODS_ROOT}/../Podfile.lock" "${PODS_ROOT}/Manifest.lock" &gt; /dev/null
if [[ $? != 0 ]] ; then
    cat &lt;&lt; EOM
error: The sandbox is not in sync with the Podfile.lock. Run 'pod install' or update your CocoaPods installation.
EOM
    exit 1
fi
</string>
			<key>showEnvVarsInLog</key>
			<string>0</string>
		</dict>
		<key>6C91B069CA11456482630431</key>
		<dict>
			<key>buildActionMask</key>
			<string>2147483647</string>
			<key>files</key>
			<array/>
			<key>inputPaths</key>
			<array/>
			<key>isa</key>
			<string>PBXShellScriptBuildPhase</string>
			<key>name</key>
			<string>Embed Pods Frameworks</string>
			<key>outputPaths</key>
			<array/>
			<key>runOnlyForDeploymentPostprocessing</key>
			<string>0</string>
			<key>shellPath</key>
			<string>/bin/sh</string>
			<key>shellScript</key>
			<string>"${SRCROOT}/Pods/Target Support Files/Pods-TempleTrip/Pods-TempleTrip-frameworks.sh"
</string>
			<key>showEnvVarsInLog</key>
			<string>0</string>
		</dict>
		<key>777CD1A6FA6300429F13C7BF</key>
		<dict>
			<key>fileRef</key>
			<string>887BFBD69D8D1B6BC4B842A9</string>
			<key>isa</key>
			<string>PBXBuildFile</string>
		</dict>
		<key>887BFBD69D8D1B6BC4B842A9</key>
		<dict>
			<key>explicitFileType</key>
			<string>wrapper.framework</string>
			<key>includeInIndex</key>
			<string>0</string>
			<key>isa</key>
			<string>PBXFileReference</string>
			<key>path</key>
			<string>Pods_TempleTrip.framework</string>
			<key>sourceTree</key>
			<string>BUILT_PRODUCTS_DIR</string>
		</dict>
		<key>BE88C8F67E81C2534AAAD649</key>
		<dict>
			<key>buildActionMask</key>
			<string>2147483647</string>
			<key>files</key>
			<array/>
			<key>inputPaths</key>
			<array/>
			<key>isa</key>
			<string>PBXShellScriptBuildPhase</string>
			<key>name</key>
			<string>Copy Pods Resources</string>
			<key>outputPaths</key>
			<array/>
			<key>runOnlyForDeploymentPostprocessing</key>
			<string>0</string>
			<key>shellPath</key>
			<string>/bin/sh</string>
			<key>shellScript</key>
			<string>"${SRCROOT}/Pods/Target Support Files/Pods-TempleTrip/Pods-TempleTrip-resources.sh"
</string>
			<key>showEnvVarsInLog</key>
			<string>0</string>
		</dict>
		<key>F15E867ADE006CBFE68FBBF3</key>
		<dict>
			<key>includeInIndex</key>
			<string>1</string>
			<key>isa</key>
			<string>PBXFileReference</string>
			<key>lastKnownFileType</key>
			<string>text.xcconfig</string>
			<key>name</key>
			<string>Pods-TempleTrip.debug.xcconfig</string>
			<key>path</key>
			<string>Pods/Target Support Files/Pods-TempleTrip/Pods-TempleTrip.debug.xcconfig</string>
			<key>sourceTree</key>
			<string>&lt;group&gt;</string>
		</dict>
		<key>F80AD0A57AE6DCAA82D10212</key>
		<dict>
			<key>children</key>
			<array>
				<string>887BFBD69D8D1B6BC4B842A9</string>
			</array>
			<key>isa</key>
			<string>PBXGroup</string>
			<key>name</key>
			<string>Frameworks</string>
			<key>sourceTree</key>
			<string>&lt;group&gt;</string>
		</dict>
	</dict>
	<key>rootObject</key>
	<string>181EF7DA1B73CF870010D2EA</string>
</dict>
</plist>
