// !$*UTF8*$!
{
	archiveVersion = 1;
	classes = {
	};
	objectVersion = 46;
	objects = {

/* Begin PBXBuildFile section */
		180C096E1B8EA01F00764003 /* DetailTableViewController.m in Sources */ = {isa = PBXBuildFile; fileRef = 180C096D1B8EA01F00764003 /* DetailTableViewController.m */; };
		181EF7E81B73CF870010D2EA /* main.m in Sources */ = {isa = PBXBuildFile; fileRef = 181EF7E71B73CF870010D2EA /* main.m */; };
		181EF7EB1B73CF880010D2EA /* AppDelegate.m in Sources */ = {isa = PBXBuildFile; fileRef = 181EF7EA1B73CF880010D2EA /* AppDelegate.m */; };
		181EF7EE1B73CF880010D2EA /* TempleTrip.xcdatamodeld in Sources */ = {isa = PBXBuildFile; fileRef = 181EF7EC1B73CF880010D2EA /* TempleTrip.xcdatamodeld */; };
		181EF7F11B73CF880010D2EA /* MasterViewController.m in Sources */ = {isa = PBXBuildFile; fileRef = 181EF7F01B73CF880010D2EA /* MasterViewController.m */; };
		181EF7F71B73CF880010D2EA /* Main.storyboard in Resources */ = {isa = PBXBuildFile; fileRef = 181EF7F51B73CF880010D2EA /* Main.storyboard */; };
		181EF7F91B73CF880010D2EA /* Images.xcassets in Resources */ = {isa = PBXBuildFile; fileRef = 181EF7F81B73CF880010D2EA /* Images.xcassets */; };
		181EF8081B73CF880010D2EA /* TempleTripTests.m in Sources */ = {isa = PBXBuildFile; fileRef = 181EF8071B73CF880010D2EA /* TempleTripTests.m */; };
		1877D7251C0759060022BF60 /* Fabric.framework in Frameworks */ = {isa = PBXBuildFile; fileRef = 1877D7231C0759060022BF60 /* Fabric.framework */; };
		1877D7261C0759060022BF60 /* Crashlytics.framework in Frameworks */ = {isa = PBXBuildFile; fileRef = 1877D7241C0759060022BF60 /* Crashlytics.framework */; };
		18A2EF6F1BE87A4000FB4D69 /* ScheduleViewController.m in Sources */ = {isa = PBXBuildFile; fileRef = 18A2EF6E1BE87A4000FB4D69 /* ScheduleViewController.m */; };
		18ABEC421BF5579900AA7EB7 /* EventKit.framework in Frameworks */ = {isa = PBXBuildFile; fileRef = 18ABEC411BF5579900AA7EB7 /* EventKit.framework */; };
		18C8F5041BD1D29000FFF64A /* CoreLocation.framework in Frameworks */ = {isa = PBXBuildFile; fileRef = 180C096F1B8EB62200764003 /* CoreLocation.framework */; };
		18CB44DA1B745444001FA4B4 /* results.txt in Resources */ = {isa = PBXBuildFile; fileRef = 18CB44D91B745444001FA4B4 /* results.txt */; };
		18CB44E11B751B95001FA4B4 /* Temple.m in Sources */ = {isa = PBXBuildFile; fileRef = 18CB44E01B751B95001FA4B4 /* Temple.m */; };
		18DC93FC1C1D213500D1E367 /* ServicesAvailableCell.swift in Sources */ = {isa = PBXBuildFile; fileRef = 18DC93FB1C1D213500D1E367 /* ServicesAvailableCell.swift */; };
		18DC94041C1F7E1E00D1E367 /* Launch Screen.storyboard in Resources */ = {isa = PBXBuildFile; fileRef = 18DC94031C1F7E1E00D1E367 /* Launch Screen.storyboard */; };
/* End PBXBuildFile section */

/* Begin PBXContainerItemProxy section */
		181EF8021B73CF880010D2EA /* PBXContainerItemProxy */ = {
			isa = PBXContainerItemProxy;
			containerPortal = 181EF7DA1B73CF870010D2EA /* Project object */;
			proxyType = 1;
			remoteGlobalIDString = 181EF7E11B73CF870010D2EA;
			remoteInfo = TempleTrip;
		};
/* End PBXContainerItemProxy section */

/* Begin PBXCopyFilesBuildPhase section */
		18C8F4FF1BD1D0CE00FFF64A /* Embed Frameworks */ = {
			isa = PBXCopyFilesBuildPhase;
			buildActionMask = 2147483647;
			dstPath = "";
			dstSubfolderSpec = 10;
			files = (
			);
			name = "Embed Frameworks";
			runOnlyForDeploymentPostprocessing = 0;
		};
/* End PBXCopyFilesBuildPhase section */

/* Begin PBXFileReference section */
		1802C4001C1CFE420079A631 /* FavoritesDelegate.h */ = {isa = PBXFileReference; fileEncoding = 4; lastKnownFileType = sourcecode.c.h; path = FavoritesDelegate.h; sourceTree = "<group>"; };
		180C096C1B8EA01F00764003 /* DetailTableViewController.h */ = {isa = PBXFileReference; fileEncoding = 4; lastKnownFileType = sourcecode.c.h; name = DetailTableViewController.h; path = ../DetailTableViewController.h; sourceTree = "<group>"; };
		180C096D1B8EA01F00764003 /* DetailTableViewController.m */ = {isa = PBXFileReference; fileEncoding = 4; lastKnownFileType = sourcecode.c.objc; name = DetailTableViewController.m; path = ../DetailTableViewController.m; sourceTree = "<group>"; };
		180C096F1B8EB62200764003 /* CoreLocation.framework */ = {isa = PBXFileReference; lastKnownFileType = wrapper.framework; name = CoreLocation.framework; path = System/Library/Frameworks/CoreLocation.framework; sourceTree = SDKROOT; };
		181EF7E21B73CF870010D2EA /* TempleTrip.app */ = {isa = PBXFileReference; explicitFileType = wrapper.application; includeInIndex = 0; path = TempleTrip.app; sourceTree = BUILT_PRODUCTS_DIR; };
		181EF7E61B73CF870010D2EA /* Info.plist */ = {isa = PBXFileReference; lastKnownFileType = text.plist.xml; path = Info.plist; sourceTree = "<group>"; };
		181EF7E71B73CF870010D2EA /* main.m */ = {isa = PBXFileReference; lastKnownFileType = sourcecode.c.objc; path = main.m; sourceTree = "<group>"; };
		181EF7E91B73CF870010D2EA /* AppDelegate.h */ = {isa = PBXFileReference; lastKnownFileType = sourcecode.c.h; path = AppDelegate.h; sourceTree = "<group>"; };
		181EF7EA1B73CF880010D2EA /* AppDelegate.m */ = {isa = PBXFileReference; lastKnownFileType = sourcecode.c.objc; path = AppDelegate.m; sourceTree = "<group>"; };
		181EF7ED1B73CF880010D2EA /* TempleTrip.xcdatamodel */ = {isa = PBXFileReference; lastKnownFileType = wrapper.xcdatamodel; path = TempleTrip.xcdatamodel; sourceTree = "<group>"; };
		181EF7EF1B73CF880010D2EA /* MasterViewController.h */ = {isa = PBXFileReference; lastKnownFileType = sourcecode.c.h; path = MasterViewController.h; sourceTree = "<group>"; };
		181EF7F01B73CF880010D2EA /* MasterViewController.m */ = {isa = PBXFileReference; lastKnownFileType = sourcecode.c.objc; path = MasterViewController.m; sourceTree = "<group>"; };
		181EF7F61B73CF880010D2EA /* Base */ = {isa = PBXFileReference; lastKnownFileType = file.storyboard; name = Base; path = Base.lproj/Main.storyboard; sourceTree = "<group>"; };
		181EF7F81B73CF880010D2EA /* Images.xcassets */ = {isa = PBXFileReference; lastKnownFileType = folder.assetcatalog; path = Images.xcassets; sourceTree = "<group>"; };
		181EF8011B73CF880010D2EA /* TempleTripTests.xctest */ = {isa = PBXFileReference; explicitFileType = wrapper.cfbundle; includeInIndex = 0; path = TempleTripTests.xctest; sourceTree = BUILT_PRODUCTS_DIR; };
		181EF8061B73CF880010D2EA /* Info.plist */ = {isa = PBXFileReference; lastKnownFileType = text.plist.xml; path = Info.plist; sourceTree = "<group>"; };
		181EF8071B73CF880010D2EA /* TempleTripTests.m */ = {isa = PBXFileReference; lastKnownFileType = sourcecode.c.objc; path = TempleTripTests.m; sourceTree = "<group>"; };
		1877D7231C0759060022BF60 /* Fabric.framework */ = {isa = PBXFileReference; lastKnownFileType = wrapper.framework; path = Fabric.framework; sourceTree = SOURCE_ROOT; };
		1877D7241C0759060022BF60 /* Crashlytics.framework */ = {isa = PBXFileReference; lastKnownFileType = wrapper.framework; path = Crashlytics.framework; sourceTree = SOURCE_ROOT; };
		18A2EF6D1BE87A4000FB4D69 /* ScheduleViewController.h */ = {isa = PBXFileReference; fileEncoding = 4; lastKnownFileType = sourcecode.c.h; path = ScheduleViewController.h; sourceTree = "<group>"; };
		18A2EF6E1BE87A4000FB4D69 /* ScheduleViewController.m */ = {isa = PBXFileReference; fileEncoding = 4; lastKnownFileType = sourcecode.c.objc; path = ScheduleViewController.m; sourceTree = "<group>"; };
		18ABEC411BF5579900AA7EB7 /* EventKit.framework */ = {isa = PBXFileReference; lastKnownFileType = wrapper.framework; name = EventKit.framework; path = System/Library/Frameworks/EventKit.framework; sourceTree = SDKROOT; };
		18CB44D91B745444001FA4B4 /* results.txt */ = {isa = PBXFileReference; fileEncoding = 4; lastKnownFileType = text; path = results.txt; sourceTree = "<group>"; };
		18CB44DF1B751B95001FA4B4 /* Temple.h */ = {isa = PBXFileReference; fileEncoding = 4; lastKnownFileType = sourcecode.c.h; name = Temple.h; path = ../Temple.h; sourceTree = "<group>"; };
		18CB44E01B751B95001FA4B4 /* Temple.m */ = {isa = PBXFileReference; fileEncoding = 4; lastKnownFileType = sourcecode.c.objc; name = Temple.m; path = ../Temple.m; sourceTree = "<group>"; };
		18DC93FB1C1D213500D1E367 /* ServicesAvailableCell.swift */ = {isa = PBXFileReference; fileEncoding = 4; lastKnownFileType = sourcecode.swift; path = ServicesAvailableCell.swift; sourceTree = "<group>"; };
		18DC93FE1C1F5E2700D1E367 /* TempleTrip-Bridging-Header.h */ = {isa = PBXFileReference; fileEncoding = 4; lastKnownFileType = sourcecode.c.h; path = "TempleTrip-Bridging-Header.h"; sourceTree = "<group>"; };
		18DC94031C1F7E1E00D1E367 /* Launch Screen.storyboard */ = {isa = PBXFileReference; fileEncoding = 4; lastKnownFileType = file.storyboard; path = "Launch Screen.storyboard"; sourceTree = "<group>"; };
/* End PBXFileReference section */

/* Begin PBXFrameworksBuildPhase section */
		181EF7DF1B73CF870010D2EA /* Frameworks */ = {
			isa = PBXFrameworksBuildPhase;
			buildActionMask = 2147483647;
			files = (
				18ABEC421BF5579900AA7EB7 /* EventKit.framework in Frameworks */,
				18C8F5041BD1D29000FFF64A /* CoreLocation.framework in Frameworks */,
				1877D7261C0759060022BF60 /* Crashlytics.framework in Frameworks */,
				1877D7251C0759060022BF60 /* Fabric.framework in Frameworks */,
			);
			runOnlyForDeploymentPostprocessing = 0;
		};
		181EF7FE1B73CF880010D2EA /* Frameworks */ = {
			isa = PBXFrameworksBuildPhase;
			buildActionMask = 2147483647;
			files = (
			);
			runOnlyForDeploymentPostprocessing = 0;
		};
/* End PBXFrameworksBuildPhase section */

/* Begin PBXGroup section */
		181EF7D91B73CF870010D2EA = {
			isa = PBXGroup;
			children = (
				18DC94031C1F7E1E00D1E367 /* Launch Screen.storyboard */,
				181EF7E41B73CF870010D2EA /* TempleTrip */,
				181EF8041B73CF880010D2EA /* TempleTripTests */,
				181EF7E31B73CF870010D2EA /* Products */,
			);
			sourceTree = "<group>";
		};
		181EF7E31B73CF870010D2EA /* Products */ = {
			isa = PBXGroup;
			children = (
				181EF7E21B73CF870010D2EA /* TempleTrip.app */,
				181EF8011B73CF880010D2EA /* TempleTripTests.xctest */,
			);
			name = Products;
			sourceTree = "<group>";
		};
		181EF7E41B73CF870010D2EA /* TempleTrip */ = {
			isa = PBXGroup;
			children = (
				181EF7E91B73CF870010D2EA /* AppDelegate.h */,
				181EF7EA1B73CF880010D2EA /* AppDelegate.m */,
				181EF7EF1B73CF880010D2EA /* MasterViewController.h */,
				181EF7F01B73CF880010D2EA /* MasterViewController.m */,
				180C096C1B8EA01F00764003 /* DetailTableViewController.h */,
				180C096D1B8EA01F00764003 /* DetailTableViewController.m */,
				1802C4001C1CFE420079A631 /* FavoritesDelegate.h */,
				181EF7F51B73CF880010D2EA /* Main.storyboard */,
				18DC93FB1C1D213500D1E367 /* ServicesAvailableCell.swift */,
				18A2EF6D1BE87A4000FB4D69 /* ScheduleViewController.h */,
				18A2EF6E1BE87A4000FB4D69 /* ScheduleViewController.m */,
				181EF7F81B73CF880010D2EA /* Images.xcassets */,
				18CB44DE1B75195B001FA4B4 /* Model */,
				181EF7E51B73CF870010D2EA /* Supporting Files */,
			);
			path = TempleTrip;
			sourceTree = "<group>";
		};
		181EF7E51B73CF870010D2EA /* Supporting Files */ = {
			isa = PBXGroup;
			children = (
				18DC93FE1C1F5E2700D1E367 /* TempleTrip-Bridging-Header.h */,
				181EF7E61B73CF870010D2EA /* Info.plist */,
				181EF7E71B73CF870010D2EA /* main.m */,
				1877D7231C0759060022BF60 /* Fabric.framework */,
				1877D7241C0759060022BF60 /* Crashlytics.framework */,
				18ABEC411BF5579900AA7EB7 /* EventKit.framework */,
				180C096F1B8EB62200764003 /* CoreLocation.framework */,
			);
			name = "Supporting Files";
			sourceTree = "<group>";
		};
		181EF8041B73CF880010D2EA /* TempleTripTests */ = {
			isa = PBXGroup;
			children = (
				181EF8071B73CF880010D2EA /* TempleTripTests.m */,
				181EF8051B73CF880010D2EA /* Supporting Files */,
			);
			path = TempleTripTests;
			sourceTree = "<group>";
		};
		181EF8051B73CF880010D2EA /* Supporting Files */ = {
			isa = PBXGroup;
			children = (
				181EF8061B73CF880010D2EA /* Info.plist */,
			);
			name = "Supporting Files";
			sourceTree = "<group>";
		};
		18CB44DE1B75195B001FA4B4 /* Model */ = {
			isa = PBXGroup;
			children = (
				181EF7EC1B73CF880010D2EA /* TempleTrip.xcdatamodeld */,
				18CB44DF1B751B95001FA4B4 /* Temple.h */,
				18CB44E01B751B95001FA4B4 /* Temple.m */,
				18CB44D91B745444001FA4B4 /* results.txt */,
			);
			name = Model;
			sourceTree = "<group>";
		};
/* End PBXGroup section */

/* Begin PBXNativeTarget section */
		181EF7E11B73CF870010D2EA /* TempleTrip */ = {
			isa = PBXNativeTarget;
			buildConfigurationList = 181EF80B1B73CF880010D2EA /* Build configuration list for PBXNativeTarget "TempleTrip" */;
			buildPhases = (
				181EF7DE1B73CF870010D2EA /* Sources */,
				181EF7DF1B73CF870010D2EA /* Frameworks */,
				181EF7E01B73CF870010D2EA /* Resources */,
				18C8F4FF1BD1D0CE00FFF64A /* Embed Frameworks */,
				1877D7221C0758F20022BF60 /* ShellScript */,
			);
			buildRules = (
			);
			dependencies = (
			);
			name = TempleTrip;
			productName = TempleTrip;
			productReference = 181EF7E21B73CF870010D2EA /* TempleTrip.app */;
			productType = "com.apple.product-type.application";
		};
		181EF8001B73CF880010D2EA /* TempleTripTests */ = {
			isa = PBXNativeTarget;
			buildConfigurationList = 181EF80E1B73CF880010D2EA /* Build configuration list for PBXNativeTarget "TempleTripTests" */;
			buildPhases = (
				181EF7FD1B73CF880010D2EA /* Sources */,
				181EF7FE1B73CF880010D2EA /* Frameworks */,
				181EF7FF1B73CF880010D2EA /* Resources */,
			);
			buildRules = (
			);
			dependencies = (
				181EF8031B73CF880010D2EA /* PBXTargetDependency */,
			);
			name = TempleTripTests;
			productName = TempleTripTests;
			productReference = 181EF8011B73CF880010D2EA /* TempleTripTests.xctest */;
			productType = "com.apple.product-type.bundle.unit-test";
		};
/* End PBXNativeTarget section */

/* Begin PBXProject section */
		181EF7DA1B73CF870010D2EA /* Project object */ = {
			isa = PBXProject;
			attributes = {
				LastSwiftUpdateCheck = 0720;
				LastUpgradeCheck = 0700;
				ORGANIZATIONNAME = "Ephraim Kunz";
				TargetAttributes = {
					181EF7E11B73CF870010D2EA = {
						CreatedOnToolsVersion = 6.4;
						DevelopmentTeam = D5ED37V79V;
					};
					181EF8001B73CF880010D2EA = {
						CreatedOnToolsVersion = 6.4;
						TestTargetID = 181EF7E11B73CF870010D2EA;
					};
				};
			};
			buildConfigurationList = 181EF7DD1B73CF870010D2EA /* Build configuration list for PBXProject "TempleTrip" */;
			compatibilityVersion = "Xcode 3.2";
			developmentRegion = English;
			hasScannedForEncodings = 0;
			knownRegions = (
				en,
				Base,
			);
			mainGroup = 181EF7D91B73CF870010D2EA;
			productRefGroup = 181EF7E31B73CF870010D2EA /* Products */;
			projectDirPath = "";
			projectRoot = "";
			targets = (
				181EF7E11B73CF870010D2EA /* TempleTrip */,
				181EF8001B73CF880010D2EA /* TempleTripTests */,
			);
		};
/* End PBXProject section */

/* Begin PBXResourcesBuildPhase section */
		181EF7E01B73CF870010D2EA /* Resources */ = {
			isa = PBXResourcesBuildPhase;
			buildActionMask = 2147483647;
			files = (
				181EF7F71B73CF880010D2EA /* Main.storyboard in Resources */,
				181EF7F91B73CF880010D2EA /* Images.xcassets in Resources */,
				18DC94041C1F7E1E00D1E367 /* Launch Screen.storyboard in Resources */,
				18CB44DA1B745444001FA4B4 /* results.txt in Resources */,
			);
			runOnlyForDeploymentPostprocessing = 0;
		};
		181EF7FF1B73CF880010D2EA /* Resources */ = {
			isa = PBXResourcesBuildPhase;
			buildActionMask = 2147483647;
			files = (
			);
			runOnlyForDeploymentPostprocessing = 0;
		};
/* End PBXResourcesBuildPhase section */

/* Begin PBXShellScriptBuildPhase section */
		1877D7221C0758F20022BF60 /* ShellScript */ = {
			isa = PBXShellScriptBuildPhase;
			buildActionMask = 2147483647;
			files = (
			);
			inputPaths = (
			);
			outputPaths = (
			);
			runOnlyForDeploymentPostprocessing = 0;
			shellPath = /bin/sh;
			shellScript = "./Fabric.framework/run abd7e04d91a9cd3680a3cac4718edbb8b6044ad8 0b7f30e6caca457e72ae2610360cae3ce53bed94b81a4fa41b590d5277d38b34";
		};
/* End PBXShellScriptBuildPhase section */

/* Begin PBXSourcesBuildPhase section */
		181EF7DE1B73CF870010D2EA /* Sources */ = {
			isa = PBXSourcesBuildPhase;
			buildActionMask = 2147483647;
			files = (
				180C096E1B8EA01F00764003 /* DetailTableViewController.m in Sources */,
				18CB44E11B751B95001FA4B4 /* Temple.m in Sources */,
				181EF7F11B73CF880010D2EA /* MasterViewController.m in Sources */,
				18DC93FC1C1D213500D1E367 /* ServicesAvailableCell.swift in Sources */,
				181EF7EB1B73CF880010D2EA /* AppDelegate.m in Sources */,
				181EF7E81B73CF870010D2EA /* main.m in Sources */,
				181EF7EE1B73CF880010D2EA /* TempleTrip.xcdatamodeld in Sources */,
				18A2EF6F1BE87A4000FB4D69 /* ScheduleViewController.m in Sources */,
			);
			runOnlyForDeploymentPostprocessing = 0;
		};
		181EF7FD1B73CF880010D2EA /* Sources */ = {
			isa = PBXSourcesBuildPhase;
			buildActionMask = 2147483647;
			files = (
				181EF8081B73CF880010D2EA /* TempleTripTests.m in Sources */,
			);
			runOnlyForDeploymentPostprocessing = 0;
		};
/* End PBXSourcesBuildPhase section */

/* Begin PBXTargetDependency section */
		181EF8031B73CF880010D2EA /* PBXTargetDependency */ = {
			isa = PBXTargetDependency;
			target = 181EF7E11B73CF870010D2EA /* TempleTrip */;
			targetProxy = 181EF8021B73CF880010D2EA /* PBXContainerItemProxy */;
		};
/* End PBXTargetDependency section */

/* Begin PBXVariantGroup section */
		181EF7F51B73CF880010D2EA /* Main.storyboard */ = {
			isa = PBXVariantGroup;
			children = (
				181EF7F61B73CF880010D2EA /* Base */,
			);
			name = Main.storyboard;
			sourceTree = "<group>";
		};
/* End PBXVariantGroup section */

/* Begin XCBuildConfiguration section */
		181EF8091B73CF880010D2EA /* Debug */ = {
			isa = XCBuildConfiguration;
			buildSettings = {
				ALWAYS_SEARCH_USER_PATHS = NO;
				CLANG_CXX_LANGUAGE_STANDARD = "gnu++0x";
				CLANG_CXX_LIBRARY = "libc++";
				CLANG_ENABLE_MODULES = YES;
				CLANG_ENABLE_OBJC_ARC = YES;
				CLANG_WARN_BOOL_CONVERSION = YES;
				CLANG_WARN_CONSTANT_CONVERSION = YES;
				CLANG_WARN_DIRECT_OBJC_ISA_USAGE = YES_ERROR;
				CLANG_WARN_EMPTY_BODY = YES;
				CLANG_WARN_ENUM_CONVERSION = YES;
				CLANG_WARN_INT_CONVERSION = YES;
				CLANG_WARN_OBJC_ROOT_CLASS = YES_ERROR;
				CLANG_WARN_UNREACHABLE_CODE = YES;
				CLANG_WARN__DUPLICATE_METHOD_MATCH = YES;
				"CODE_SIGN_IDENTITY[sdk=iphoneos*]" = "iPhone Developer";
				COPY_PHASE_STRIP = NO;
				DEBUG_INFORMATION_FORMAT = "dwarf-with-dsym";
				ENABLE_STRICT_OBJC_MSGSEND = YES;
				ENABLE_TESTABILITY = YES;
				GCC_C_LANGUAGE_STANDARD = gnu99;
				GCC_DYNAMIC_NO_PIC = NO;
				GCC_NO_COMMON_BLOCKS = YES;
				GCC_OPTIMIZATION_LEVEL = 0;
				GCC_PREPROCESSOR_DEFINITIONS = (
					"DEBUG=1",
					"$(inherited)",
				);
				GCC_SYMBOLS_PRIVATE_EXTERN = NO;
				GCC_WARN_64_TO_32_BIT_CONVERSION = YES;
				GCC_WARN_ABOUT_RETURN_TYPE = YES_ERROR;
				GCC_WARN_UNDECLARED_SELECTOR = YES;
				GCC_WARN_UNINITIALIZED_AUTOS = YES_AGGRESSIVE;
				GCC_WARN_UNUSED_FUNCTION = YES;
				GCC_WARN_UNUSED_VARIABLE = YES;
				IPHONEOS_DEPLOYMENT_TARGET = 9.2;
				MTL_ENABLE_DEBUG_INFO = YES;
				ONLY_ACTIVE_ARCH = YES;
				SDKROOT = iphoneos;
			};
			name = Debug;
		};
		181EF80A1B73CF880010D2EA /* Release */ = {
			isa = XCBuildConfiguration;
			buildSettings = {
				ALWAYS_SEARCH_USER_PATHS = NO;
				CLANG_CXX_LANGUAGE_STANDARD = "gnu++0x";
				CLANG_CXX_LIBRARY = "libc++";
				CLANG_ENABLE_MODULES = YES;
				CLANG_ENABLE_OBJC_ARC = YES;
				CLANG_WARN_BOOL_CONVERSION = YES;
				CLANG_WARN_CONSTANT_CONVERSION = YES;
				CLANG_WARN_DIRECT_OBJC_ISA_USAGE = YES_ERROR;
				CLANG_WARN_EMPTY_BODY = YES;
				CLANG_WARN_ENUM_CONVERSION = YES;
				CLANG_WARN_INT_CONVERSION = YES;
				CLANG_WARN_OBJC_ROOT_CLASS = YES_ERROR;
				CLANG_WARN_UNREACHABLE_CODE = YES;
				CLANG_WARN__DUPLICATE_METHOD_MATCH = YES;
				"CODE_SIGN_IDENTITY[sdk=iphoneos*]" = "iPhone Developer";
				COPY_PHASE_STRIP = NO;
				DEBUG_INFORMATION_FORMAT = "dwarf-with-dsym";
				ENABLE_NS_ASSERTIONS = NO;
				ENABLE_STRICT_OBJC_MSGSEND = YES;
				GCC_C_LANGUAGE_STANDARD = gnu99;
				GCC_NO_COMMON_BLOCKS = YES;
				GCC_WARN_64_TO_32_BIT_CONVERSION = YES;
				GCC_WARN_ABOUT_RETURN_TYPE = YES_ERROR;
				GCC_WARN_UNDECLARED_SELECTOR = YES;
				GCC_WARN_UNINITIALIZED_AUTOS = YES_AGGRESSIVE;
				GCC_WARN_UNUSED_FUNCTION = YES;
				GCC_WARN_UNUSED_VARIABLE = YES;
				IPHONEOS_DEPLOYMENT_TARGET = 9.2;
				MTL_ENABLE_DEBUG_INFO = NO;
				SDKROOT = iphoneos;
				VALIDATE_PRODUCT = YES;
			};
			name = Release;
		};
		181EF80C1B73CF880010D2EA /* Debug */ = {
			isa = XCBuildConfiguration;
			buildSettings = {
				ASSETCATALOG_COMPILER_APPICON_NAME = AppIcon;
				CLANG_ENABLE_MODULES = YES;
				CODE_SIGN_IDENTITY = "iPhone Developer";
				"CODE_SIGN_IDENTITY[sdk=iphoneos*]" = "iPhone Developer";
				DEFINES_MODULE = YES;
				FRAMEWORK_SEARCH_PATHS = (
					"$(inherited)",
					"$(PROJECT_DIR)",
				);
				"FRAMEWORK_SEARCH_PATHS[arch=*]" = "$(SRCROOT)";
				INFOPLIST_FILE = TempleTrip/Info.plist;
				LD_RUNPATH_SEARCH_PATHS = "$(inherited) @executable_path/Frameworks";
				PRODUCT_BUNDLE_IDENTIFIER = com.ephraimhowardkunz.templetrip;
				PRODUCT_NAME = "$(TARGET_NAME)";
				PROVISIONING_PROFILE = "";
				SWIFT_OBJC_BRIDGING_HEADER = "TempleTrip/TempleTrip-Bridging-Header.h";
				SWIFT_OPTIMIZATION_LEVEL = "-Onone";
				TARGETED_DEVICE_FAMILY = "1,2";
			};
			name = Debug;
		};
		181EF80D1B73CF880010D2EA /* Release */ = {
			isa = XCBuildConfiguration;
			buildSettings = {
				ASSETCATALOG_COMPILER_APPICON_NAME = AppIcon;
				CLANG_ENABLE_MODULES = YES;
				CODE_SIGN_IDENTITY = "iPhone Developer";
				"CODE_SIGN_IDENTITY[sdk=iphoneos*]" = "iPhone Developer";
				DEFINES_MODULE = YES;
				FRAMEWORK_SEARCH_PATHS = (
					"$(inherited)",
					"$(PROJECT_DIR)",
				);
				INFOPLIST_FILE = TempleTrip/Info.plist;
				LD_RUNPATH_SEARCH_PATHS = "$(inherited) @executable_path/Frameworks";
				PRODUCT_BUNDLE_IDENTIFIER = com.ephraimhowardkunz.templetrip;
				PRODUCT_NAME = "$(TARGET_NAME)";
				PROVISIONING_PROFILE = "";
				SWIFT_OBJC_BRIDGING_HEADER = "TempleTrip/TempleTrip-Bridging-Header.h";
				TARGETED_DEVICE_FAMILY = "1,2";
			};
			name = Release;
		};
		181EF80F1B73CF880010D2EA /* Debug */ = {
			isa = XCBuildConfiguration;
			buildSettings = {
				BUNDLE_LOADER = "$(TEST_HOST)";
				GCC_PREPROCESSOR_DEFINITIONS = (
					"DEBUG=1",
					"$(inherited)",
				);
				INFOPLIST_FILE = TempleTripTests/Info.plist;
				LD_RUNPATH_SEARCH_PATHS = "$(inherited) @executable_path/Frameworks @loader_path/Frameworks";
				PRODUCT_BUNDLE_IDENTIFIER = "com.EphraimKunz.$(PRODUCT_NAME:rfc1034identifier)";
				PRODUCT_NAME = "$(TARGET_NAME)";
				TEST_HOST = "$(BUILT_PRODUCTS_DIR)/TempleTrip.app/TempleTrip";
			};
			name = Debug;
		};
		181EF8101B73CF880010D2EA /* Release */ = {
			isa = XCBuildConfiguration;
			buildSettings = {
				BUNDLE_LOADER = "$(TEST_HOST)";
				INFOPLIST_FILE = TempleTripTests/Info.plist;
				LD_RUNPATH_SEARCH_PATHS = "$(inherited) @executable_path/Frameworks @loader_path/Frameworks";
				PRODUCT_BUNDLE_IDENTIFIER = "com.EphraimKunz.$(PRODUCT_NAME:rfc1034identifier)";
				PRODUCT_NAME = "$(TARGET_NAME)";
				TEST_HOST = "$(BUILT_PRODUCTS_DIR)/TempleTrip.app/TempleTrip";
			};
			name = Release;
		};
/* End XCBuildConfiguration section */

/* Begin XCConfigurationList section */
		181EF7DD1B73CF870010D2EA /* Build configuration list for PBXProject "TempleTrip" */ = {
			isa = XCConfigurationList;
			buildConfigurations = (
				181EF8091B73CF880010D2EA /* Debug */,
				181EF80A1B73CF880010D2EA /* Release */,
			);
			defaultConfigurationIsVisible = 0;
			defaultConfigurationName = Release;
		};
		181EF80B1B73CF880010D2EA /* Build configuration list for PBXNativeTarget "TempleTrip" */ = {
			isa = XCConfigurationList;
			buildConfigurations = (
				181EF80C1B73CF880010D2EA /* Debug */,
				181EF80D1B73CF880010D2EA /* Release */,
			);
			defaultConfigurationIsVisible = 0;
			defaultConfigurationName = Release;
		};
		181EF80E1B73CF880010D2EA /* Build configuration list for PBXNativeTarget "TempleTripTests" */ = {
			isa = XCConfigurationList;
			buildConfigurations = (
				181EF80F1B73CF880010D2EA /* Debug */,
				181EF8101B73CF880010D2EA /* Release */,
			);
			defaultConfigurationIsVisible = 0;
			defaultConfigurationName = Release;
		};
/* End XCConfigurationList section */

/* Begin XCVersionGroup section */
		181EF7EC1B73CF880010D2EA /* TempleTrip.xcdatamodeld */ = {
			isa = XCVersionGroup;
			children = (
				181EF7ED1B73CF880010D2EA /* TempleTrip.xcdatamodel */,
			);
			currentVersion = 181EF7ED1B73CF880010D2EA /* TempleTrip.xcdatamodel */;
			path = TempleTrip.xcdatamodeld;
			sourceTree = "<group>";
			versionGroupType = wrapper.xcdatamodel;
		};
/* End XCVersionGroup section */
	};
	rootObject = 181EF7DA1B73CF870010D2EA /* Project object */;
}
